
Microsoft Visual Studio Solution File, Format Version 12.00
# Visual Studio Version 16
VisualStudioVersion = 16.0.31911.196
MinimumVisualStudioVersion = 10.0.40219.1
Project("{FAE04EC0-301F-11D3-BF4B-00C04F79EFBC}") = "GridTutorial.Android", "GridTutorial.Android\GridTutorial.Android.csproj", "{879B254D-2ABC-4C1B-B2FF-D8A2E46DD075}"
EndProject
Project("{FAE04EC0-301F-11D3-BF4B-00C04F79EFBC}") = "GridTutorial", "GridTutorial\GridTutorial.csproj", "{83548761-29A9-41AA-AB5D-608AA80306C6}"
EndProject
Global
	GlobalSection(SolutionConfigurationPlatforms) = preSolution
		Debug|Any CPU = Debug|Any CPU
		Release|Any CPU = Release|Any CPU
	EndGlobalSection
	GlobalSection(ProjectConfigurationPlatforms) = postSolution
		{879B254D-2ABC-4C1B-B2FF-D8A2E46DD075}.Debug|Any CPU.ActiveCfg = Debug|Any CPU
		{879B254D-2ABC-4C1B-B2FF-D8A2E46DD075}.Debug|Any CPU.Build.0 = Debug|Any CPU
		{879B254D-2ABC-4C1B-B2FF-D8A2E46DD075}.Debug|Any CPU.Deploy.0 = Debug|Any CPU
		{879B254D-2ABC-4C1B-B2FF-D8A2E46DD075}.Release|Any CPU.ActiveCfg = Release|Any CPU
		{879B254D-2ABC-4C1B-B2FF-D8A2E46DD075}.Release|Any CPU.Build.0 = Release|Any CPU
		{879B254D-2ABC-4C1B-B2FF-D8A2E46DD075}.Release|Any CPU.Deploy.0 = Release|Any CPU
		{83548761-29A9-41AA-AB5D-608AA80306C6}.Debug|Any CPU.ActiveCfg = Debug|Any CPU
		{83548761-29A9-41AA-AB5D-608AA80306C6}.Debug|Any CPU.Build.0 = Debug|Any CPU
		{83548761-29A9-41AA-AB5D-608AA80306C6}.Debug|Any CPU.Deploy.0 = Debug|Any CPU
		{83548761-29A9-41AA-AB5D-608AA80306C6}.Release|Any CPU.ActiveCfg = Release|Any CPU
		{83548761-29A9-41AA-AB5D-608AA80306C6}.Release|Any CPU.Build.0 = Release|Any CPU
		{83548761-29A9-41AA-AB5D-608AA80306C6}.Release|Any CPU.Deploy.0 = Release|Any CPU
	EndGlobalSection
	GlobalSection(SolutionProperties) = preSolution
		HideSolutionNode = FALSE
	EndGlobalSection
	GlobalSection(ExtensibilityGlobals) = postSolution
		SolutionGuid = {85FADBA9-B887-48BC-A5A2-9FE0A63D3E91}
	EndGlobalSection
EndGlobal
